
Microsoft Visual Studio Solution File, Format Version 12.00
# Visual Studio Version 16
VisualStudioVersion = 16.0.30413.136
MinimumVisualStudioVersion = 10.0.40219.1
Project("{FAE04EC0-301F-11D3-BF4B-00C04F79EFBC}") = "Sales.UWP", "Sales\Sales.UWP\Sales.UWP.csproj", "{63E837C6-B480-4E65-8BB8-33507A5FE92A}"
EndProject
Project("{FAE04EC0-301F-11D3-BF4B-00C04F79EFBC}") = "Sales.Android", "Sales\Sales.Android\Sales.Android.csproj", "{5A67F752-91F5-4FA8-83B9-963B2B0395B1}"
EndProject
Project("{FAE04EC0-301F-11D3-BF4B-00C04F79EFBC}") = "Sales.iOS", "Sales\Sales.iOS\Sales.iOS.csproj", "{8CAD5AC7-4F48-49A6-8645-48F68161FA19}"
EndProject
Project("{FAE04EC0-301F-11D3-BF4B-00C04F79EFBC}") = "Sales", "Sales\Sales\Sales.csproj", "{DFBC1286-3891-4CFA-8747-1A43F315535C}"
EndProject
Project("{FAE04EC0-301F-11D3-BF4B-00C04F79EFBC}") = "Sales.Backend", "Sales.Backend\Sales.Backend.csproj", "{9984E64F-DA39-433D-B995-CCD1BC8C3BAA}"
EndProject
Project("{FAE04EC0-301F-11D3-BF4B-00C04F79EFBC}") = "Sales.API", "Sales.API\Sales.API.csproj", "{2E3B337A-600D-436B-9F0A-1C2AFA74138C}"
EndProject
Project("{FAE04EC0-301F-11D3-BF4B-00C04F79EFBC}") = "Sales.Domain", "Sales.Domain\Sales.Domain.csproj", "{3AAD4870-D535-4B40-B947-0C6E70A00A7B}"
EndProject
Project("{FAE04EC0-301F-11D3-BF4B-00C04F79EFBC}") = "Sales.Common", "Sales.Common\Sales.Common.csproj", "{E39F6267-1045-4156-914B-ADB1DBE8447C}"
EndProject
Global
	GlobalSection(SolutionConfigurationPlatforms) = preSolution
		Debug|Any CPU = Debug|Any CPU
		Debug|ARM = Debug|ARM
		Debug|iPhone = Debug|iPhone
		Debug|iPhoneSimulator = Debug|iPhoneSimulator
		Debug|x64 = Debug|x64
		Debug|x86 = Debug|x86
		Release|Any CPU = Release|Any CPU
		Release|ARM = Release|ARM
		Release|iPhone = Release|iPhone
		Release|iPhoneSimulator = Release|iPhoneSimulator
		Release|x64 = Release|x64
		Release|x86 = Release|x86
	EndGlobalSection
	GlobalSection(ProjectConfigurationPlatforms) = postSolution
		{63E837C6-B480-4E65-8BB8-33507A5FE92A}.Debug|Any CPU.ActiveCfg = Debug|x86
		{63E837C6-B480-4E65-8BB8-33507A5FE92A}.Debug|Any CPU.Build.0 = Debug|x86
		{63E837C6-B480-4E65-8BB8-33507A5FE92A}.Debug|Any CPU.Deploy.0 = Debug|x86
		{63E837C6-B480-4E65-8BB8-33507A5FE92A}.Debug|ARM.ActiveCfg = Debug|ARM
		{63E837C6-B480-4E65-8BB8-33507A5FE92A}.Debug|ARM.Build.0 = Debug|ARM
		{63E837C6-B480-4E65-8BB8-33507A5FE92A}.Debug|ARM.Deploy.0 = Debug|ARM
		{63E837C6-B480-4E65-8BB8-33507A5FE92A}.Debug|iPhone.ActiveCfg = Debug|x86
		{63E837C6-B480-4E65-8BB8-33507A5FE92A}.Debug|iPhone.Build.0 = Debug|x86
		{63E837C6-B480-4E65-8BB8-33507A5FE92A}.Debug|iPhone.Deploy.0 = Debug|x86
		{63E837C6-B480-4E65-8BB8-33507A5FE92A}.Debug|iPhoneSimulator.ActiveCfg = Debug|x86
		{63E837C6-B480-4E65-8BB8-33507A5FE92A}.Debug|iPhoneSimulator.Build.0 = Debug|x86
		{63E837C6-B480-4E65-8BB8-33507A5FE92A}.Debug|iPhoneSimulator.Deploy.0 = Debug|x86
		{63E837C6-B480-4E65-8BB8-33507A5FE92A}.Debug|x64.ActiveCfg = Debug|x64
		{63E837C6-B480-4E65-8BB8-33507A5FE92A}.Debug|x64.Build.0 = Debug|x64
		{63E837C6-B480-4E65-8BB8-33507A5FE92A}.Debug|x64.Deploy.0 = Debug|x64
		{63E837C6-B480-4E65-8BB8-33507A5FE92A}.Debug|x86.ActiveCfg = Debug|x86
		{63E837C6-B480-4E65-8BB8-33507A5FE92A}.Debug|x86.Build.0 = Debug|x86
		{63E837C6-B480-4E65-8BB8-33507A5FE92A}.Debug|x86.Deploy.0 = Debug|x86
		{63E837C6-B480-4E65-8BB8-33507A5FE92A}.Release|Any CPU.ActiveCfg = Release|x86
		{63E837C6-B480-4E65-8BB8-33507A5FE92A}.Release|Any CPU.Build.0 = Release|x86
		{63E837C6-B480-4E65-8BB8-33507A5FE92A}.Release|Any CPU.Deploy.0 = Release|x86
		{63E837C6-B480-4E65-8BB8-33507A5FE92A}.Release|ARM.ActiveCfg = Release|ARM
		{63E837C6-B480-4E65-8BB8-33507A5FE92A}.Release|ARM.Build.0 = Release|ARM
		{63E837C6-B480-4E65-8BB8-33507A5FE92A}.Release|ARM.Deploy.0 = Release|ARM
		{63E837C6-B480-4E65-8BB8-33507A5FE92A}.Release|iPhone.ActiveCfg = Release|x86
		{63E837C6-B480-4E65-8BB8-33507A5FE92A}.Release|iPhone.Build.0 = Release|x86
		{63E837C6-B480-4E65-8BB8-33507A5FE92A}.Release|iPhone.Deploy.0 = Release|x86
		{63E837C6-B480-4E65-8BB8-33507A5FE92A}.Release|iPhoneSimulator.ActiveCfg = Release|x86
		{63E837C6-B480-4E65-8BB8-33507A5FE92A}.Release|iPhoneSimulator.Build.0 = Release|x86
		{63E837C6-B480-4E65-8BB8-33507A5FE92A}.Release|iPhoneSimulator.Deploy.0 = Release|x86
		{63E837C6-B480-4E65-8BB8-33507A5FE92A}.Release|x64.ActiveCfg = Release|x64
		{63E837C6-B480-4E65-8BB8-33507A5FE92A}.Release|x64.Build.0 = Release|x64
		{63E837C6-B480-4E65-8BB8-33507A5FE92A}.Release|x64.Deploy.0 = Release|x64
		{63E837C6-B480-4E65-8BB8-33507A5FE92A}.Release|x86.ActiveCfg = Release|x86
		{63E837C6-B480-4E65-8BB8-33507A5FE92A}.Release|x86.Build.0 = Release|x86
		{63E837C6-B480-4E65-8BB8-33507A5FE92A}.Release|x86.Deploy.0 = Release|x86
		{5A67F752-91F5-4FA8-83B9-963B2B0395B1}.Debug|Any CPU.ActiveCfg = Debug|Any CPU
		{5A67F752-91F5-4FA8-83B9-963B2B0395B1}.Debug|Any CPU.Build.0 = Debug|Any CPU
		{5A67F752-91F5-4FA8-83B9-963B2B0395B1}.Debug|Any CPU.Deploy.0 = Debug|Any CPU
		{5A67F752-91F5-4FA8-83B9-963B2B0395B1}.Debug|ARM.ActiveCfg = Debug|Any CPU
		{5A67F752-91F5-4FA8-83B9-963B2B0395B1}.Debug|ARM.Build.0 = Debug|Any CPU
		{5A67F752-91F5-4FA8-83B9-963B2B0395B1}.Debug|ARM.Deploy.0 = Debug|Any CPU
		{5A67F752-91F5-4FA8-83B9-963B2B0395B1}.Debug|iPhone.ActiveCfg = Debug|Any CPU
		{5A67F752-91F5-4FA8-83B9-963B2B0395B1}.Debug|iPhone.Build.0 = Debug|Any CPU
		{5A67F752-91F5-4FA8-83B9-963B2B0395B1}.Debug|iPhone.Deploy.0 = Debug|Any CPU
		{5A67F752-91F5-4FA8-83B9-963B2B0395B1}.Debug|iPhoneSimulator.ActiveCfg = Debug|Any CPU
		{5A67F752-91F5-4FA8-83B9-963B2B0395B1}.Debug|iPhoneSimulator.Build.0 = Debug|Any CPU
		{5A67F752-91F5-4FA8-83B9-963B2B0395B1}.Debug|iPhoneSimulator.Deploy.0 = Debug|Any CPU
		{5A67F752-91F5-4FA8-83B9-963B2B0395B1}.Debug|x64.ActiveCfg = Debug|Any CPU
		{5A67F752-91F5-4FA8-83B9-963B2B0395B1}.Debug|x64.Build.0 = Debug|Any CPU
		{5A67F752-91F5-4FA8-83B9-963B2B0395B1}.Debug|x64.Deploy.0 = Debug|Any CPU
		{5A67F752-91F5-4FA8-83B9-963B2B0395B1}.Debug|x86.ActiveCfg = Debug|Any CPU
		{5A67F752-91F5-4FA8-83B9-963B2B0395B1}.Debug|x86.Build.0 = Debug|Any CPU
		{5A67F752-91F5-4FA8-83B9-963B2B0395B1}.Debug|x86.Deploy.0 = Debug|Any CPU
		{5A67F752-91F5-4FA8-83B9-963B2B0395B1}.Release|Any CPU.ActiveCfg = Release|Any CPU
		{5A67F752-91F5-4FA8-83B9-963B2B0395B1}.Release|Any CPU.Build.0 = Release|Any CPU
		{5A67F752-91F5-4FA8-83B9-963B2B0395B1}.Release|Any CPU.Deploy.0 = Release|Any CPU
		{5A67F752-91F5-4FA8-83B9-963B2B0395B1}.Release|ARM.ActiveCfg = Release|Any CPU
		{5A67F752-91F5-4FA8-83B9-963B2B0395B1}.Release|ARM.Build.0 = Release|Any CPU
		{5A67F752-91F5-4FA8-83B9-963B2B0395B1}.Release|ARM.Deploy.0 = Release|Any CPU
		{5A67F752-91F5-4FA8-83B9-963B2B0395B1}.Release|iPhone.ActiveCfg = Release|Any CPU
		{5A67F752-91F5-4FA8-83B9-963B2B0395B1}.Release|iPhone.Build.0 = Release|Any CPU
		{5A67F752-91F5-4FA8-83B9-963B2B0395B1}.Release|iPhone.Deploy.0 = Release|Any CPU
		{5A67F752-91F5-4FA8-83B9-963B2B0395B1}.Release|iPhoneSimulator.ActiveCfg = Release|Any CPU
		{5A67F752-91F5-4FA8-83B9-963B2B0395B1}.Release|iPhoneSimulator.Build.0 = Release|Any CPU
		{5A67F752-91F5-4FA8-83B9-963B2B0395B1}.Release|iPhoneSimulator.Deploy.0 = Release|Any CPU
		{5A67F752-91F5-4FA8-83B9-963B2B0395B1}.Release|x64.ActiveCfg = Release|Any CPU
		{5A67F752-91F5-4FA8-83B9-963B2B0395B1}.Release|x64.Build.0 = Release|Any CPU
		{5A67F752-91F5-4FA8-83B9-963B2B0395B1}.Release|x64.Deploy.0 = Release|Any CPU
		{5A67F752-91F5-4FA8-83B9-963B2B0395B1}.Release|x86.ActiveCfg = Release|Any CPU
		{5A67F752-91F5-4FA8-83B9-963B2B0395B1}.Release|x86.Build.0 = Release|Any CPU
		{5A67F752-91F5-4FA8-83B9-963B2B0395B1}.Release|x86.Deploy.0 = Release|Any CPU
		{8CAD5AC7-4F48-49A6-8645-48F68161FA19}.Debug|Any CPU.ActiveCfg = Debug|iPhone
		{8CAD5AC7-4F48-49A6-8645-48F68161FA19}.Debug|Any CPU.Build.0 = Debug|iPhone
		{8CAD5AC7-4F48-49A6-8645-48F68161FA19}.Debug|Any CPU.Deploy.0 = Debug|iPhone
		{8CAD5AC7-4F48-49A6-8645-48F68161FA19}.Debug|ARM.ActiveCfg = Debug|iPhone
		{8CAD5AC7-4F48-49A6-8645-48F68161FA19}.Debug|ARM.Build.0 = Debug|iPhone
		{8CAD5AC7-4F48-49A6-8645-48F68161FA19}.Debug|ARM.Deploy.0 = Debug|iPhone
		{8CAD5AC7-4F48-49A6-8645-48F68161FA19}.Debug|iPhone.ActiveCfg = Debug|iPhone
		{8CAD5AC7-4F48-49A6-8645-48F68161FA19}.Debug|iPhone.Build.0 = Debug|iPhone
		{8CAD5AC7-4F48-49A6-8645-48F68161FA19}.Debug|iPhone.Deploy.0 = Debug|iPhone
		{8CAD5AC7-4F48-49A6-8645-48F68161FA19}.Debug|iPhoneSimulator.ActiveCfg = Debug|iPhoneSimulator
		{8CAD5AC7-4F48-49A6-8645-48F68161FA19}.Debug|iPhoneSimulator.Build.0 = Debug|iPhoneSimulator
		{8CAD5AC7-4F48-49A6-8645-48F68161FA19}.Debug|iPhoneSimulator.Deploy.0 = Debug|iPhoneSimulator
		{8CAD5AC7-4F48-49A6-8645-48F68161FA19}.Debug|x64.ActiveCfg = Debug|iPhone
		{8CAD5AC7-4F48-49A6-8645-48F68161FA19}.Debug|x64.Build.0 = Debug|iPhone
		{8CAD5AC7-4F48-49A6-8645-48F68161FA19}.Debug|x64.Deploy.0 = Debug|iPhone
		{8CAD5AC7-4F48-49A6-8645-48F68161FA19}.Debug|x86.ActiveCfg = Debug|iPhone
		{8CAD5AC7-4F48-49A6-8645-48F68161FA19}.Debug|x86.Build.0 = Debug|iPhone
		{8CAD5AC7-4F48-49A6-8645-48F68161FA19}.Debug|x86.Deploy.0 = Debug|iPhone
		{8CAD5AC7-4F48-49A6-8645-48F68161FA19}.Release|Any CPU.ActiveCfg = Release|iPhone
		{8CAD5AC7-4F48-49A6-8645-48F68161FA19}.Release|Any CPU.Build.0 = Release|iPhone
		{8CAD5AC7-4F48-49A6-8645-48F68161FA19}.Release|Any CPU.Deploy.0 = Release|iPhone
		{8CAD5AC7-4F48-49A6-8645-48F68161FA19}.Release|ARM.ActiveCfg = Release|iPhone
		{8CAD5AC7-4F48-49A6-8645-48F68161FA19}.Release|ARM.Build.0 = Release|iPhone
		{8CAD5AC7-4F48-49A6-8645-48F68161FA19}.Release|ARM.Deploy.0 = Release|iPhone
		{8CAD5AC7-4F48-49A6-8645-48F68161FA19}.Release|iPhone.ActiveCfg = Release|iPhone
		{8CAD5AC7-4F48-49A6-8645-48F68161FA19}.Release|iPhone.Build.0 = Release|iPhone
		{8CAD5AC7-4F48-49A6-8645-48F68161FA19}.Release|iPhone.Deploy.0 = Release|iPhone
		{8CAD5AC7-4F48-49A6-8645-48F68161FA19}.Release|iPhoneSimulator.ActiveCfg = Release|iPhoneSimulator
		{8CAD5AC7-4F48-49A6-8645-48F68161FA19}.Release|iPhoneSimulator.Build.0 = Release|iPhoneSimulator
		{8CAD5AC7-4F48-49A6-8645-48F68161FA19}.Release|iPhoneSimulator.Deploy.0 = Release|iPhoneSimulator
		{8CAD5AC7-4F48-49A6-8645-48F68161FA19}.Release|x64.ActiveCfg = Release|iPhone
		{8CAD5AC7-4F48-49A6-8645-48F68161FA19}.Release|x64.Build.0 = Release|iPhone
		{8CAD5AC7-4F48-49A6-8645-48F68161FA19}.Release|x64.Deploy.0 = Release|iPhone
		{8CAD5AC7-4F48-49A6-8645-48F68161FA19}.Release|x86.ActiveCfg = Release|iPhone
		{8CAD5AC7-4F48-49A6-8645-48F68161FA19}.Release|x86.Build.0 = Release|iPhone
		{8CAD5AC7-4F48-49A6-8645-48F68161FA19}.Release|x86.Deploy.0 = Release|iPhone
		{DFBC1286-3891-4CFA-8747-1A43F315535C}.Debug|Any CPU.ActiveCfg = Debug|Any CPU
		{DFBC1286-3891-4CFA-8747-1A43F315535C}.Debug|Any CPU.Build.0 = Debug|Any CPU
		{DFBC1286-3891-4CFA-8747-1A43F315535C}.Debug|Any CPU.Deploy.0 = Debug|Any CPU
		{DFBC1286-3891-4CFA-8747-1A43F315535C}.Debug|ARM.ActiveCfg = Debug|Any CPU
		{DFBC1286-3891-4CFA-8747-1A43F315535C}.Debug|ARM.Build.0 = Debug|Any CPU
		{DFBC1286-3891-4CFA-8747-1A43F315535C}.Debug|ARM.Deploy.0 = Debug|Any CPU
		{DFBC1286-3891-4CFA-8747-1A43F315535C}.Debug|iPhone.ActiveCfg = Debug|Any CPU
		{DFBC1286-3891-4CFA-8747-1A43F315535C}.Debug|iPhone.Build.0 = Debug|Any CPU
		{DFBC1286-3891-4CFA-8747-1A43F315535C}.Debug|iPhone.Deploy.0 = Debug|Any CPU
		{DFBC1286-3891-4CFA-8747-1A43F315535C}.Debug|iPhoneSimulator.ActiveCfg = Debug|Any CPU
		{DFBC1286-3891-4CFA-8747-1A43F315535C}.Debug|iPhoneSimulator.Build.0 = Debug|Any CPU
		{DFBC1286-3891-4CFA-8747-1A43F315535C}.Debug|iPhoneSimulator.Deploy.0 = Debug|Any CPU
		{DFBC1286-3891-4CFA-8747-1A43F315535C}.Debug|x64.ActiveCfg = Debug|Any CPU
		{DFBC1286-3891-4CFA-8747-1A43F315535C}.Debug|x64.Build.0 = Debug|Any CPU
		{DFBC1286-3891-4CFA-8747-1A43F315535C}.Debug|x64.Deploy.0 = Debug|Any CPU
		{DFBC1286-3891-4CFA-8747-1A43F315535C}.Debug|x86.ActiveCfg = Debug|Any CPU
		{DFBC1286-3891-4CFA-8747-1A43F315535C}.Debug|x86.Build.0 = Debug|Any CPU
		{DFBC1286-3891-4CFA-8747-1A43F315535C}.Debug|x86.Deploy.0 = Debug|Any CPU
		{DFBC1286-3891-4CFA-8747-1A43F315535C}.Release|Any CPU.ActiveCfg = Release|Any CPU
		{DFBC1286-3891-4CFA-8747-1A43F315535C}.Release|Any CPU.Build.0 = Release|Any CPU
		{DFBC1286-3891-4CFA-8747-1A43F315535C}.Release|Any CPU.Deploy.0 = Release|Any CPU
		{DFBC1286-3891-4CFA-8747-1A43F315535C}.Release|ARM.ActiveCfg = Release|Any CPU
		{DFBC1286-3891-4CFA-8747-1A43F315535C}.Release|ARM.Build.0 = Release|Any CPU
		{DFBC1286-3891-4CFA-8747-1A43F315535C}.Release|ARM.Deploy.0 = Release|Any CPU
		{DFBC1286-3891-4CFA-8747-1A43F315535C}.Release|iPhone.ActiveCfg = Release|Any CPU
		{DFBC1286-3891-4CFA-8747-1A43F315535C}.Release|iPhone.Build.0 = Release|Any CPU
		{DFBC1286-3891-4CFA-8747-1A43F315535C}.Release|iPhone.Deploy.0 = Release|Any CPU
		{DFBC1286-3891-4CFA-8747-1A43F315535C}.Release|iPhoneSimulator.ActiveCfg = Release|Any CPU
		{DFBC1286-3891-4CFA-8747-1A43F315535C}.Release|iPhoneSimulator.Build.0 = Release|Any CPU
		{DFBC1286-3891-4CFA-8747-1A43F315535C}.Release|iPhoneSimulator.Deploy.0 = Release|Any CPU
		{DFBC1286-3891-4CFA-8747-1A43F315535C}.Release|x64.ActiveCfg = Release|Any CPU
		{DFBC1286-3891-4CFA-8747-1A43F315535C}.Release|x64.Build.0 = Release|Any CPU
		{DFBC1286-3891-4CFA-8747-1A43F315535C}.Release|x64.Deploy.0 = Release|Any CPU
		{DFBC1286-3891-4CFA-8747-1A43F315535C}.Release|x86.ActiveCfg = Release|Any CPU
		{DFBC1286-3891-4CFA-8747-1A43F315535C}.Release|x86.Build.0 = Release|Any CPU
		{DFBC1286-3891-4CFA-8747-1A43F315535C}.Release|x86.Deploy.0 = Release|Any CPU
		{9984E64F-DA39-433D-B995-CCD1BC8C3BAA}.Debug|Any CPU.ActiveCfg = Debug|Any CPU
		{9984E64F-DA39-433D-B995-CCD1BC8C3BAA}.Debug|Any CPU.Build.0 = Debug|Any CPU
		{9984E64F-DA39-433D-B995-CCD1BC8C3BAA}.Debug|ARM.ActiveCfg = Debug|Any CPU
		{9984E64F-DA39-433D-B995-CCD1BC8C3BAA}.Debug|ARM.Build.0 = Debug|Any CPU
		{9984E64F-DA39-433D-B995-CCD1BC8C3BAA}.Debug|iPhone.ActiveCfg = Debug|Any CPU
		{9984E64F-DA39-433D-B995-CCD1BC8C3BAA}.Debug|iPhone.Build.0 = Debug|Any CPU
		{9984E64F-DA39-433D-B995-CCD1BC8C3BAA}.Debug|iPhoneSimulator.ActiveCfg = Debug|Any CPU
		{9984E64F-DA39-433D-B995-CCD1BC8C3BAA}.Debug|iPhoneSimulator.Build.0 = Debug|Any CPU
		{9984E64F-DA39-433D-B995-CCD1BC8C3BAA}.Debug|x64.ActiveCfg = Debug|Any CPU
		{9984E64F-DA39-433D-B995-CCD1BC8C3BAA}.Debug|x64.Build.0 = Debug|Any CPU
		{9984E64F-DA39-433D-B995-CCD1BC8C3BAA}.Debug|x86.ActiveCfg = Debug|Any CPU
		{9984E64F-DA39-433D-B995-CCD1BC8C3BAA}.Debug|x86.Build.0 = Debug|Any CPU
		{9984E64F-DA39-433D-B995-CCD1BC8C3BAA}.Release|Any CPU.ActiveCfg = Release|Any CPU
		{9984E64F-DA39-433D-B995-CCD1BC8C3BAA}.Release|Any CPU.Build.0 = Release|Any CPU
		{9984E64F-DA39-433D-B995-CCD1BC8C3BAA}.Release|ARM.ActiveCfg = Release|Any CPU
		{9984E64F-DA39-433D-B995-CCD1BC8C3BAA}.Release|ARM.Build.0 = Release|Any CPU
		{9984E64F-DA39-433D-B995-CCD1BC8C3BAA}.Release|iPhone.ActiveCfg = Release|Any CPU
		{9984E64F-DA39-433D-B995-CCD1BC8C3BAA}.Release|iPhone.Build.0 = Release|Any CPU
		{9984E64F-DA39-433D-B995-CCD1BC8C3BAA}.Release|iPhoneSimulator.ActiveCfg = Release|Any CPU
		{9984E64F-DA39-433D-B995-CCD1BC8C3BAA}.Release|iPhoneSimulator.Build.0 = Release|Any CPU
		{9984E64F-DA39-433D-B995-CCD1BC8C3BAA}.Release|x64.ActiveCfg = Release|Any CPU
		{9984E64F-DA39-433D-B995-CCD1BC8C3BAA}.Release|x64.Build.0 = Release|Any CPU
		{9984E64F-DA39-433D-B995-CCD1BC8C3BAA}.Release|x86.ActiveCfg = Release|Any CPU
		{9984E64F-DA39-433D-B995-CCD1BC8C3BAA}.Release|x86.Build.0 = Release|Any CPU
		{2E3B337A-600D-436B-9F0A-1C2AFA74138C}.Debug|Any CPU.ActiveCfg = Debug|Any CPU
		{2E3B337A-600D-436B-9F0A-1C2AFA74138C}.Debug|Any CPU.Build.0 = Debug|Any CPU
		{2E3B337A-600D-436B-9F0A-1C2AFA74138C}.Debug|ARM.ActiveCfg = Debug|Any CPU
		{2E3B337A-600D-436B-9F0A-1C2AFA74138C}.Debug|ARM.Build.0 = Debug|Any CPU
		{2E3B337A-600D-436B-9F0A-1C2AFA74138C}.Debug|iPhone.ActiveCfg = Debug|Any CPU
		{2E3B337A-600D-436B-9F0A-1C2AFA74138C}.Debug|iPhone.Build.0 = Debug|Any CPU
		{2E3B337A-600D-436B-9F0A-1C2AFA74138C}.Debug|iPhoneSimulator.ActiveCfg = Debug|Any CPU
		{2E3B337A-600D-436B-9F0A-1C2AFA74138C}.Debug|iPhoneSimulator.Build.0 = Debug|Any CPU
		{2E3B337A-600D-436B-9F0A-1C2AFA74138C}.Debug|x64.ActiveCfg = Debug|Any CPU
		{2E3B337A-600D-436B-9F0A-1C2AFA74138C}.Debug|x64.Build.0 = Debug|Any CPU
		{2E3B337A-600D-436B-9F0A-1C2AFA74138C}.Debug|x86.ActiveCfg = Debug|Any CPU
		{2E3B337A-600D-436B-9F0A-1C2AFA74138C}.Debug|x86.Build.0 = Debug|Any CPU
		{2E3B337A-600D-436B-9F0A-1C2AFA74138C}.Release|Any CPU.ActiveCfg = Release|Any CPU
		{2E3B337A-600D-436B-9F0A-1C2AFA74138C}.Release|Any CPU.Build.0 = Release|Any CPU
		{2E3B337A-600D-436B-9F0A-1C2AFA74138C}.Release|ARM.ActiveCfg = Release|Any CPU
		{2E3B337A-600D-436B-9F0A-1C2AFA74138C}.Release|ARM.Build.0 = Release|Any CPU
		{2E3B337A-600D-436B-9F0A-1C2AFA74138C}.Release|iPhone.ActiveCfg = Release|Any CPU
		{2E3B337A-600D-436B-9F0A-1C2AFA74138C}.Release|iPhone.Build.0 = Release|Any CPU
		{2E3B337A-600D-436B-9F0A-1C2AFA74138C}.Release|iPhoneSimulator.ActiveCfg = Release|Any CPU
		{2E3B337A-600D-436B-9F0A-1C2AFA74138C}.Release|iPhoneSimulator.Build.0 = Release|Any CPU
		{2E3B337A-600D-436B-9F0A-1C2AFA74138C}.Release|x64.ActiveCfg = Release|Any CPU
		{2E3B337A-600D-436B-9F0A-1C2AFA74138C}.Release|x64.Build.0 = Release|Any CPU
		{2E3B337A-600D-436B-9F0A-1C2AFA74138C}.Release|x86.ActiveCfg = Release|Any CPU
		{2E3B337A-600D-436B-9F0A-1C2AFA74138C}.Release|x86.Build.0 = Release|Any CPU
		{3AAD4870-D535-4B40-B947-0C6E70A00A7B}.Debug|Any CPU.ActiveCfg = Debug|Any CPU
		{3AAD4870-D535-4B40-B947-0C6E70A00A7B}.Debug|Any CPU.Build.0 = Debug|Any CPU
		{3AAD4870-D535-4B40-B947-0C6E70A00A7B}.Debug|ARM.ActiveCfg = Debug|Any CPU
		{3AAD4870-D535-4B40-B947-0C6E70A00A7B}.Debug|ARM.Build.0 = Debug|Any CPU
		{3AAD4870-D535-4B40-B947-0C6E70A00A7B}.Debug|iPhone.ActiveCfg = Debug|Any CPU
		{3AAD4870-D535-4B40-B947-0C6E70A00A7B}.Debug|iPhone.Build.0 = Debug|Any CPU
		{3AAD4870-D535-4B40-B947-0C6E70A00A7B}.Debug|iPhoneSimulator.ActiveCfg = Debug|Any CPU
		{3AAD4870-D535-4B40-B947-0C6E70A00A7B}.Debug|iPhoneSimulator.Build.0 = Debug|Any CPU
		{3AAD4870-D535-4B40-B947-0C6E70A00A7B}.Debug|x64.ActiveCfg = Debug|Any CPU
		{3AAD4870-D535-4B40-B947-0C6E70A00A7B}.Debug|x64.Build.0 = Debug|Any CPU
		{3AAD4870-D535-4B40-B947-0C6E70A00A7B}.Debug|x86.ActiveCfg = Debug|Any CPU
		{3AAD4870-D535-4B40-B947-0C6E70A00A7B}.Debug|x86.Build.0 = Debug|Any CPU
		{3AAD4870-D535-4B40-B947-0C6E70A00A7B}.Release|Any CPU.ActiveCfg = Release|Any CPU
		{3AAD4870-D535-4B40-B947-0C6E70A00A7B}.Release|Any CPU.Build.0 = Release|Any CPU
		{3AAD4870-D535-4B40-B947-0C6E70A00A7B}.Release|ARM.ActiveCfg = Release|Any CPU
		{3AAD4870-D535-4B40-B947-0C6E70A00A7B}.Release|ARM.Build.0 = Release|Any CPU
		{3AAD4870-D535-4B40-B947-0C6E70A00A7B}.Release|iPhone.ActiveCfg = Release|Any CPU
		{3AAD4870-D535-4B40-B947-0C6E70A00A7B}.Release|iPhone.Build.0 = Release|Any CPU
		{3AAD4870-D535-4B40-B947-0C6E70A00A7B}.Release|iPhoneSimulator.ActiveCfg = Release|Any CPU
		{3AAD4870-D535-4B40-B947-0C6E70A00A7B}.Release|iPhoneSimulator.Build.0 = Release|Any CPU
		{3AAD4870-D535-4B40-B947-0C6E70A00A7B}.Release|x64.ActiveCfg = Release|Any CPU
		{3AAD4870-D535-4B40-B947-0C6E70A00A7B}.Release|x64.Build.0 = Release|Any CPU
		{3AAD4870-D535-4B40-B947-0C6E70A00A7B}.Release|x86.ActiveCfg = Release|Any CPU
		{3AAD4870-D535-4B40-B947-0C6E70A00A7B}.Release|x86.Build.0 = Release|Any CPU
		{E39F6267-1045-4156-914B-ADB1DBE8447C}.Debug|Any CPU.ActiveCfg = Debug|Any CPU
		{E39F6267-1045-4156-914B-ADB1DBE8447C}.Debug|Any CPU.Build.0 = Debug|Any CPU
		{E39F6267-1045-4156-914B-ADB1DBE8447C}.Debug|ARM.ActiveCfg = Debug|Any CPU
		{E39F6267-1045-4156-914B-ADB1DBE8447C}.Debug|ARM.Build.0 = Debug|Any CPU
		{E39F6267-1045-4156-914B-ADB1DBE8447C}.Debug|iPhone.ActiveCfg = Debug|Any CPU
		{E39F6267-1045-4156-914B-ADB1DBE8447C}.Debug|iPhone.Build.0 = Debug|Any CPU
		{E39F6267-1045-4156-914B-ADB1DBE8447C}.Debug|iPhoneSimulator.ActiveCfg = Debug|Any CPU
		{E39F6267-1045-4156-914B-ADB1DBE8447C}.Debug|iPhoneSimulator.Build.0 = Debug|Any CPU
		{E39F6267-1045-4156-914B-ADB1DBE8447C}.Debug|x64.ActiveCfg = Debug|Any CPU
		{E39F6267-1045-4156-914B-ADB1DBE8447C}.Debug|x64.Build.0 = Debug|Any CPU
		{E39F6267-1045-4156-914B-ADB1DBE8447C}.Debug|x86.ActiveCfg = Debug|Any CPU
		{E39F6267-1045-4156-914B-ADB1DBE8447C}.Debug|x86.Build.0 = Debug|Any CPU
		{E39F6267-1045-4156-914B-ADB1DBE8447C}.Release|Any CPU.ActiveCfg = Release|Any CPU
		{E39F6267-1045-4156-914B-ADB1DBE8447C}.Release|Any CPU.Build.0 = Release|Any CPU
		{E39F6267-1045-4156-914B-ADB1DBE8447C}.Release|ARM.ActiveCfg = Release|Any CPU
		{E39F6267-1045-4156-914B-ADB1DBE8447C}.Release|ARM.Build.0 = Release|Any CPU
		{E39F6267-1045-4156-914B-ADB1DBE8447C}.Release|iPhone.ActiveCfg = Release|Any CPU
		{E39F6267-1045-4156-914B-ADB1DBE8447C}.Release|iPhone.Build.0 = Release|Any CPU
		{E39F6267-1045-4156-914B-ADB1DBE8447C}.Release|iPhoneSimulator.ActiveCfg = Release|Any CPU
		{E39F6267-1045-4156-914B-ADB1DBE8447C}.Release|iPhoneSimulator.Build.0 = Release|Any CPU
		{E39F6267-1045-4156-914B-ADB1DBE8447C}.Release|x64.ActiveCfg = Release|Any CPU
		{E39F6267-1045-4156-914B-ADB1DBE8447C}.Release|x64.Build.0 = Release|Any CPU
		{E39F6267-1045-4156-914B-ADB1DBE8447C}.Release|x86.ActiveCfg = Release|Any CPU
		{E39F6267-1045-4156-914B-ADB1DBE8447C}.Release|x86.Build.0 = Release|Any CPU
	EndGlobalSection
	GlobalSection(SolutionProperties) = preSolution
		HideSolutionNode = FALSE
	EndGlobalSection
	GlobalSection(ExtensibilityGlobals) = postSolution
		SolutionGuid = {83DFC4F7-28AA-4C42-B77C-D43E393004E4}
	EndGlobalSection
EndGlobal
